
Microsoft Visual Studio Solution File, Format Version 12.00
# Visual Studio Version 17
VisualStudioVersion = 17.0.31903.59
MinimumVisualStudioVersion = 10.0.40219.1
Project("{2150E333-8FDC-42A3-9474-1A3956D46DE8}") = "src", "src", "{827E0CD3-B72D-47B6-A68D-7590B98EB39B}"
EndProject
Project("{2150E333-8FDC-42A3-9474-1A3956D46DE8}") = "backend", "backend", "{FE360695-3F2B-1049-3887-35FBB5135923}"
EndProject
Project("{FAE04EC0-301F-11D3-BF4B-00C04F79EFBC}") = "FoundrySlideHtmlGenerator.Backend", "src\backend\FoundrySlideHtmlGenerator.Backend\FoundrySlideHtmlGenerator.Backend.csproj", "{B5C876C3-0C61-4C62-9719-EEAA48C2E90B}"
EndProject
Project("{FAE04EC0-301F-11D3-BF4B-00C04F79EFBC}") = "FoundrySlideHtmlGenerator.Backend.Tests", "src\backend\FoundrySlideHtmlGenerator.Backend.Tests\FoundrySlideHtmlGenerator.Backend.Tests.csproj", "{B6CA051E-ACE3-4993-8F56-3575275ECEB2}"
EndProject
Global
	GlobalSection(SolutionConfigurationPlatforms) = preSolution
		Debug|Any CPU = Debug|Any CPU
		Debug|x64 = Debug|x64
		Debug|x86 = Debug|x86
		Release|Any CPU = Release|Any CPU
		Release|x64 = Release|x64
		Release|x86 = Release|x86
	EndGlobalSection
	GlobalSection(ProjectConfigurationPlatforms) = postSolution
		{B5C876C3-0C61-4C62-9719-EEAA48C2E90B}.Debug|Any CPU.ActiveCfg = Debug|Any CPU
		{B5C876C3-0C61-4C62-9719-EEAA48C2E90B}.Debug|Any CPU.Build.0 = Debug|Any CPU
		{B5C876C3-0C61-4C62-9719-EEAA48C2E90B}.Debug|x64.ActiveCfg = Debug|Any CPU
		{B5C876C3-0C61-4C62-9719-EEAA48C2E90B}.Debug|x64.Build.0 = Debug|Any CPU
		{B5C876C3-0C61-4C62-9719-EEAA48C2E90B}.Debug|x86.ActiveCfg = Debug|Any CPU
		{B5C876C3-0C61-4C62-9719-EEAA48C2E90B}.Debug|x86.Build.0 = Debug|Any CPU
		{B5C876C3-0C61-4C62-9719-EEAA48C2E90B}.Release|Any CPU.ActiveCfg = Release|Any CPU
		{B5C876C3-0C61-4C62-9719-EEAA48C2E90B}.Release|Any CPU.Build.0 = Release|Any CPU
		{B5C876C3-0C61-4C62-9719-EEAA48C2E90B}.Release|x64.ActiveCfg = Release|Any CPU
		{B5C876C3-0C61-4C62-9719-EEAA48C2E90B}.Release|x64.Build.0 = Release|Any CPU
		{B5C876C3-0C61-4C62-9719-EEAA48C2E90B}.Release|x86.ActiveCfg = Release|Any CPU
		{B5C876C3-0C61-4C62-9719-EEAA48C2E90B}.Release|x86.Build.0 = Release|Any CPU
		{B6CA051E-ACE3-4993-8F56-3575275ECEB2}.Debug|Any CPU.ActiveCfg = Debug|Any CPU
		{B6CA051E-ACE3-4993-8F56-3575275ECEB2}.Debug|Any CPU.Build.0 = Debug|Any CPU
		{B6CA051E-ACE3-4993-8F56-3575275ECEB2}.Debug|x64.ActiveCfg = Debug|Any CPU
		{B6CA051E-ACE3-4993-8F56-3575275ECEB2}.Debug|x64.Build.0 = Debug|Any CPU
		{B6CA051E-ACE3-4993-8F56-3575275ECEB2}.Debug|x86.ActiveCfg = Debug|Any CPU
		{B6CA051E-ACE3-4993-8F56-3575275ECEB2}.Debug|x86.Build.0 = Debug|Any CPU
		{B6CA051E-ACE3-4993-8F56-3575275ECEB2}.Release|Any CPU.ActiveCfg = Release|Any CPU
		{B6CA051E-ACE3-4993-8F56-3575275ECEB2}.Release|Any CPU.Build.0 = Release|Any CPU
		{B6CA051E-ACE3-4993-8F56-3575275ECEB2}.Release|x64.ActiveCfg = Release|Any CPU
		{B6CA051E-ACE3-4993-8F56-3575275ECEB2}.Release|x64.Build.0 = Release|Any CPU
		{B6CA051E-ACE3-4993-8F56-3575275ECEB2}.Release|x86.ActiveCfg = Release|Any CPU
		{B6CA051E-ACE3-4993-8F56-3575275ECEB2}.Release|x86.Build.0 = Release|Any CPU
	EndGlobalSection
	GlobalSection(SolutionProperties) = preSolution
		HideSolutionNode = FALSE
	EndGlobalSection
	GlobalSection(NestedProjects) = preSolution
		{FE360695-3F2B-1049-3887-35FBB5135923} = {827E0CD3-B72D-47B6-A68D-7590B98EB39B}
		{B5C876C3-0C61-4C62-9719-EEAA48C2E90B} = {FE360695-3F2B-1049-3887-35FBB5135923}
		{B6CA051E-ACE3-4993-8F56-3575275ECEB2} = {FE360695-3F2B-1049-3887-35FBB5135923}
	EndGlobalSection
EndGlobal
